github.com/Noobygames/amqp v0.3.0 h1:tRIv5Pdv2Vw8x/3sM5Y1pk6nW163LM2yJSPr5mEl4Go=
github.com/Noobygames/amqp v0.3.0/go.mod h1:sz2T+tmb2vc4dqUlG0gYc2Mo2uF5UU6inZG9I/SD1aU=
github.com/isayme/go-amqp-reconnect v0.0.0-20180930040740-e71660afb5ca h1:/k6bi3UzEon87YXwewlKXiMT+Qxu+OCaOtkn5ZGgCOs=
github.com/isayme/go-amqp-reconnect v0.0.0-20180930040740-e71660afb5ca/go.mod h1:4IOu90sBxNtO7GtD9//Ybh2UjZ9Dl+Cd9yIMj9GPRHQ=
github.com/streadway/amqp v0.0.0-20200108173154-1c71cc93ed71 h1:2MR0pKUzlP3SGgj5NYJe/zRYDwOu9ku6YHy+Iw7l5DM=
github.com/streadway/amqp v0.0.0-20200108173154-1c71cc93ed71/go.mod h1:AZpEONHx3DKn8O/DFsRAY58/XVQiIPMTMB1SddzLXVw=
golang.org/x/crypto v0.0.0-20190308221718-c2843e01d9a2/go.mod h1:djNgcEr1/C05ACkg1iLfiJU5Ep61QUkGW8qpdssI0+w=
golang.org/x/net v0.0.0-20200301022130-244492dfa37a/go.mod h1:z5CRVTTTmAJ677TzLLGU+0bjPO0LkuOLi4/5GtJWs/s=
golang.org/x/sys v0.0.0-20190215142949-d0b11bdaac8a/go.mod h1:STP8DvDyc/dI5b8T5hshtkjS+E42TnysNCUPdjciGhY=
golang.org/x/text v0.3.0/go.mod h1:NqM8EUOU14njkJ3fqMW+pc6Ldnwhi/IjpwHt7yyuwOQ=
